
Microsoft Visual Studio Solution File, Format Version 12.00
Project("{FAE04EC0-301F-11D3-BF4B-00C04F79EFBC}") = "Sakuga.Examples", "Sakuga.Examples\Sakuga.Examples.csproj", "{D21A9518-5A75-4032-ADF0-62289C46D53D}"
EndProject
Project("{FAE04EC0-301F-11D3-BF4B-00C04F79EFBC}") = "Sakuga", "..\..\Sakuga\Sakuga.csproj", "{2C80EAC5-E9AF-4561-BED0-DB82F4030102}"
EndProject
Global
	GlobalSection(SolutionConfigurationPlatforms) = preSolution
		Debug|Any CPU = Debug|Any CPU
		Release|Any CPU = Release|Any CPU
	EndGlobalSection
	GlobalSection(ProjectConfigurationPlatforms) = postSolution
		{D21A9518-5A75-4032-ADF0-62289C46D53D}.Debug|Any CPU.ActiveCfg = Debug|Any CPU
		{D21A9518-5A75-4032-ADF0-62289C46D53D}.Debug|Any CPU.Build.0 = Debug|Any CPU
		{D21A9518-5A75-4032-ADF0-62289C46D53D}.Release|Any CPU.ActiveCfg = Release|Any CPU
		{D21A9518-5A75-4032-ADF0-62289C46D53D}.Release|Any CPU.Build.0 = Release|Any CPU
		{2C80EAC5-E9AF-4561-BED0-DB82F4030102}.Debug|Any CPU.ActiveCfg = Debug|Any CPU
		{2C80EAC5-E9AF-4561-BED0-DB82F4030102}.Debug|Any CPU.Build.0 = Debug|Any CPU
		{2C80EAC5-E9AF-4561-BED0-DB82F4030102}.Release|Any CPU.ActiveCfg = Release|Any CPU
		{2C80EAC5-E9AF-4561-BED0-DB82F4030102}.Release|Any CPU.Build.0 = Release|Any CPU
	EndGlobalSection
EndGlobal
